<?xml version="1.0" encoding="utf-8"?>
<Project ToolsVersion="4.0" xmlns="http://schemas.microsoft.com/developer/msbuild/2003">
  <ItemGroup>
    <Filter Include="Common">
      <UniqueIdentifier>8330acd0-cdcf-4fe5-9d1e-1e8a24b6c605</UniqueIdentifier>
    </Filter>
    <Filter Include="Assets">
      <UniqueIdentifier>0e408136-83fa-47e7-be9b-7ef7e128fa0a</UniqueIdentifier>
      <Extensions>ico;cur;bmp;dds;dlg;fbx;rct;bin;rgs;gif;jpg;jpeg;jpe;resx;tga;tiff;tif;png;wav;mfcribbon-ms</Extensions>
    </Filter>
  </ItemGroup>
  <ItemGroup>
    <ClInclude Include="pch.h" />
    <ClInclude Include="Game.h" />
    <ClInclude Include="StepTimer.h">
      <Filter>Common</Filter>
    </ClInclude>
    <ClInclude Include="DeviceResources.h">
      <Filter>Common</Filter>
    </ClInclude>
    <ClInclude Include="Camera.h" />
    <ClInclude Include="Environment.h" />
    <ClInclude Include="FireControl.h" />
    <ClInclude Include="Lighting.h" />
    <ClInclude Include="Utility.h" />
    <ClInclude Include="Vehicle.h" />
    <ClInclude Include="AnimatedTexture.h" />
    <ClInclude Include="sounds.h" />
    <ClInclude Include="SpriteSheet.h" />
    <ClInclude Include="NPCVehicle.h" />
    <ClInclude Include="NPCController.h" />
    <ClInclude Include="DebugData.h" />
    <ClInclude Include="NpcAI.h" />
    <ClInclude Include="ModelController.h" />
    <ClInclude Include="VehicleBase.h" />
    <ClInclude Include="VehicleHover.h" />
  </ItemGroup>
  <ItemGroup>
    <ClCompile Include="pch.cpp" />
    <ClCompile Include="Game.cpp" />
    <ClCompile Include="Main.cpp" />
    <ClCompile Include="DeviceResources.cpp">
      <Filter>Common</Filter>
    </ClCompile>
    <ClCompile Include="Camera.cpp" />
    <ClCompile Include="Environment.cpp" />
    <ClCompile Include="FireControl.cpp" />
    <ClCompile Include="Lighting.cpp" />
    <ClCompile Include="Utility.cpp" />
    <ClCompile Include="Vehicle.cpp" />
    <ClCompile Include="NPCVehicle.cpp" />
    <ClCompile Include="NPCController.cpp" />
    <ClCompile Include="DebugData.cpp" />
    <ClCompile Include="NpcAI.cpp" />
    <ClCompile Include="ModelController.cpp" />
    <ClCompile Include="VehicleBase.cpp" />
    <ClCompile Include="VehicleHover.cpp" />
  </ItemGroup>
  <ItemGroup>
    <ResourceCompile Include="resource.rc" />
  </ItemGroup>
  <ItemGroup>
    <Image Include="directx.ico">
      <Filter>Assets</Filter>
    </Image>
    <Image Include="Art\Textures\blankTexture.jpg">
      <Filter>Assets</Filter>
    </Image>
    <Image Include="Art\Textures\Chacter0SpriteSheet.png">
      <Filter>Assets</Filter>
    </Image>
    <Image Include="Art\Textures\Chacter1SpriteSheet.png">
      <Filter>Assets</Filter>
    </Image>
    <Image Include="Art\Textures\Chacter2SpriteSheet.png">
      <Filter>Assets</Filter>
    </Image>
    <Image Include="Art\Textures\ChacterSpriteSheet.png">
      <Filter>Assets</Filter>
    </Image>
    <Image Include="Art\Textures\CharacterBackground.png">
      <Filter>Assets</Filter>
    </Image>
    <Image Include="Art\Textures\EnvironmentSelectAlien.jpg">
      <Filter>Assets</Filter>
    </Image>
    <Image Include="Art\Textures\EnvironmentSelectBreezy.png">
      <Filter>Assets</Filter>
    </Image>
    <Image Include="Art\Textures\EnvironmentSelectCalm.png">
      <Filter>Assets</Filter>
    </Image>
    <Image Include="Art\Textures\logoBMW.png">
      <Filter>Assets</Filter>
    </Image>
    <Image Include="Art\Textures\logoJI.png">
      <Filter>Assets</Filter>
    </Image>
    <Image Include="Art\Textures\logoJI2.png">
      <Filter>Assets</Filter>
    </Image>
    <Image Include="Art\Textures\logoTeaser.png">
      <Filter>Assets</Filter>
    </Image>
    <Image Include="Art\Textures\skyTexture.jpg">
      <Filter>Assets</Filter>
    </Image>
    <Image Include="Art\Textures\TestOP.png">
      <Filter>Assets</Filter>
    </Image>
    <Image Include="Art\Textures\textureUV.png">
      <Filter>Assets</Filter>
    </Image>
    <Image Include="Art\SpecularMaps\blankSpecular.jpg">
      <Filter>Assets</Filter>
    </Image>
    <Image Include="Art\SpecularMaps\specularBMW.png">
      <Filter>Assets</Filter>
    </Image>
    <Image Include="Art\SpecularMaps\specularJI2.png">
      <Filter>Assets</Filter>
    </Image>
    <Image Include="Art\SpecularMaps\specularTeaser.png">
      <Filter>Assets</Filter>
    </Image>
    <Image Include="Art\SpecularMaps\specularTeaser1.png">
      <Filter>Assets</Filter>
    </Image>
    <Image Include="Art\SpecularMaps\specularUV.png">
      <Filter>Assets</Filter>
    </Image>
    <Image Include="Art\NormalMaps\blankNormal.jpg">
      <Filter>Assets</Filter>
    </Image>
    <Image Include="Art\NormalMaps\NormalMapTeaser.png">
      <Filter>Assets</Filter>
    </Image>
    <Image Include="Art\NormalMaps\normalUV.png">
      <Filter>Assets</Filter>
    </Image>
    <Image Include="Art\NormalMaps\normBMW.png">
      <Filter>Assets</Filter>
    </Image>
    <Image Include="Art\NormalMaps\normBMW2.png">
      <Filter>Assets</Filter>
    </Image>
    <Image Include="Art\NormalMaps\normJI.png">
      <Filter>Assets</Filter>
    </Image>
    <Image Include="Art\NormalMaps\TestOP.png">
      <Filter>Assets</Filter>
    </Image>
    <Image Include="Art\HeightMaps\heightmapCleanTest - Copy (2).bmp">
      <Filter>Assets</Filter>
    </Image>
    <Image Include="Art\HeightMaps\heightmapCleanTest - Copy (3).bmp">
      <Filter>Assets</Filter>
    </Image>
    <Image Include="Art\HeightMaps\heightmapCleanTest - Copy.bmp">
      <Filter>Assets</Filter>
    </Image>
    <Image Include="Art\HeightMaps\heightmapCleanTest.bmp">
      <Filter>Assets</Filter>
    </Image>
    <Image Include="Art\HeightMaps\heightmapStartScreen.bmp">
      <Filter>Assets</Filter>
    </Image>
    <Image Include="Art\Models\Cup\cup.jpg">
      <Filter>Assets</Filter>
    </Image>
    <Image Include="Art\HeightMaps\HeightmapRoughTerrain.bmp">
      <Filter>Assets</Filter>
    </Image>
  </ItemGroup>
  <ItemGroup>
    <Manifest Include="settings.manifest">
      <Filter>Assets</Filter>
    </Manifest>
  </ItemGroup>
  <ItemGroup>
    <None Include="packages.config" />
    <None Include="Art\Fonts\bitwise16.spritefont" />
    <None Include="Art\Fonts\bitwise20.spritefont" />
    <None Include="Art\Fonts\bitwise24.spritefont" />
    <None Include="Art\Fonts\myfile.spritefont" />
    <None Include="Art\Fonts\titleFont.spritefont" />
    <None Include="Art\Audio\AudioBank.xwb" />
    <None Include="HoverTank01.3ds" />
    <None Include="HoverTank01.cmo" />
    <None Include="HoverTank01.fbx">
      <Filter>Assets</Filter>
    </None>
    <None Include="HoverTank01.mtl" />
    <None Include="HoverTank01.obj" />
    <None Include="HoverTankBarrel01.cmo" />
    <None Include="HoverTankBarrel01.mtl" />
    <None Include="HoverTankBody01.cmo" />
    <None Include="HoverTankBody01.mtl" />
    <None Include="HoverTankTurret01.cmo" />
    <None Include="HoverTankTurret01.mtl" />
  </ItemGroup>
  <ItemGroup>
    <Media Include="Art\Audio\RocketBoostEngineLoop.wav">
      <Filter>Assets</Filter>
    </Media>
  </ItemGroup>
</Project>